
Microsoft Visual Studio Solution File, Format Version 12.00
# Visual Studio Version 16
VisualStudioVersion = 16.0.31112.23
MinimumVisualStudioVersion = 10.0.40219.1
Project("{FAE04EC0-301F-11D3-BF4B-00C04F79EFBC}") = "MVC_test", "MVC_test\MVC_test.csproj", "{8835F0DF-2D99-434F-88D0-70917E94633D}"
EndProject
Global
	GlobalSection(SolutionConfigurationPlatforms) = preSolution
		Debug|Any CPU = Debug|Any CPU
		Release|Any CPU = Release|Any CPU
	EndGlobalSection
	GlobalSection(ProjectConfigurationPlatforms) = postSolution
		{8835F0DF-2D99-434F-88D0-70917E94633D}.Debug|Any CPU.ActiveCfg = Debug|Any CPU
		{8835F0DF-2D99-434F-88D0-70917E94633D}.Debug|Any CPU.Build.0 = Debug|Any CPU
		{8835F0DF-2D99-434F-88D0-70917E94633D}.Release|Any CPU.ActiveCfg = Release|Any CPU
		{8835F0DF-2D99-434F-88D0-70917E94633D}.Release|Any CPU.Build.0 = Release|Any CPU
	EndGlobalSection
	GlobalSection(SolutionProperties) = preSolution
		HideSolutionNode = FALSE
	EndGlobalSection
	GlobalSection(ExtensibilityGlobals) = postSolution
		SolutionGuid = {D43840AF-0D7E-42D5-AA3A-549E458AACF3}
	EndGlobalSection
EndGlobal
